// !$*UTF8*$!
{
	archiveVersion = 1;
	classes = {
	};
	objectVersion = 56;
	objects = {

/* Begin PBXBuildFile section */
		79F5D15E295A75DF00221D1F /* ConversionModel.swift in Sources */ = {isa = PBXBuildFile; fileRef = 79F5D150295A75DF00221D1F /* ConversionModel.swift */; };
		79F5D15F295A75DF00221D1F /* TypeDegrees.swift in Sources */ = {isa = PBXBuildFile; fileRef = 79F5D151295A75DF00221D1F /* TypeDegrees.swift */; };
		79F5D160295A75DF00221D1F /* DoubleExtension.swift in Sources */ = {isa = PBXBuildFile; fileRef = 79F5D152295A75DF00221D1F /* DoubleExtension.swift */; };
		79F5D161295A75DF00221D1F /* AppDelegate.swift in Sources */ = {isa = PBXBuildFile; fileRef = 79F5D154295A75DF00221D1F /* AppDelegate.swift */; };
		79F5D162295A75DF00221D1F /* SceneDelegate.swift in Sources */ = {isa = PBXBuildFile; fileRef = 79F5D155295A75DF00221D1F /* SceneDelegate.swift */; };
		79F5D163295A75DF00221D1F /* Assets.xcassets in Resources */ = {isa = PBXBuildFile; fileRef = 79F5D157295A75DF00221D1F /* Assets.xcassets */; };
		79F5D164295A75DF00221D1F /* LaunchScreen.storyboard in Resources */ = {isa = PBXBuildFile; fileRef = 79F5D158295A75DF00221D1F /* LaunchScreen.storyboard */; };
		79F5D165295A75DF00221D1F /* Main.storyboard in Resources */ = {isa = PBXBuildFile; fileRef = 79F5D15A295A75DF00221D1F /* Main.storyboard */; };
		79F5D166295A75DF00221D1F /* ViewController.swift in Sources */ = {isa = PBXBuildFile; fileRef = 79F5D15D295A75DF00221D1F /* ViewController.swift */; };
/* End PBXBuildFile section */

/* Begin PBXFileReference section */
		79F5D138295A75C300221D1F /* Converter3.app */ = {isa = PBXFileReference; explicitFileType = wrapper.application; includeInIndex = 0; path = Converter3.app; sourceTree = BUILT_PRODUCTS_DIR; };
		79F5D149295A75C400221D1F /* Info.plist */ = {isa = PBXFileReference; lastKnownFileType = text.plist.xml; path = Info.plist; sourceTree = "<group>"; };
		79F5D150295A75DF00221D1F /* ConversionModel.swift */ = {isa = PBXFileReference; fileEncoding = 4; lastKnownFileType = sourcecode.swift; path = ConversionModel.swift; sourceTree = "<group>"; };
		79F5D151295A75DF00221D1F /* TypeDegrees.swift */ = {isa = PBXFileReference; fileEncoding = 4; lastKnownFileType = sourcecode.swift; path = TypeDegrees.swift; sourceTree = "<group>"; };
		79F5D152295A75DF00221D1F /* DoubleExtension.swift */ = {isa = PBXFileReference; fileEncoding = 4; lastKnownFileType = sourcecode.swift; path = DoubleExtension.swift; sourceTree = "<group>"; };
		79F5D154295A75DF00221D1F /* AppDelegate.swift */ = {isa = PBXFileReference; fileEncoding = 4; lastKnownFileType = sourcecode.swift; path = AppDelegate.swift; sourceTree = "<group>"; };
		79F5D155295A75DF00221D1F /* SceneDelegate.swift */ = {isa = PBXFileReference; fileEncoding = 4; lastKnownFileType = sourcecode.swift; path = SceneDelegate.swift; sourceTree = "<group>"; };
		79F5D157295A75DF00221D1F /* Assets.xcassets */ = {isa = PBXFileReference; lastKnownFileType = folder.assetcatalog; path = Assets.xcassets; sourceTree = "<group>"; };
		79F5D159295A75DF00221D1F /* Base */ = {isa = PBXFileReference; lastKnownFileType = file.storyboard; name = Base; path = Base.lproj/LaunchScreen.storyboard; sourceTree = "<group>"; };
		79F5D15B295A75DF00221D1F /* Base */ = {isa = PBXFileReference; lastKnownFileType = file.storyboard; name = Base; path = Base.lproj/Main.storyboard; sourceTree = "<group>"; };
		79F5D15D295A75DF00221D1F /* ViewController.swift */ = {isa = PBXFileReference; fileEncoding = 4; lastKnownFileType = sourcecode.swift; path = ViewController.swift; sourceTree = "<group>"; };
/* End PBXFileReference section */

/* Begin PBXFrameworksBuildPhase section */
		79F5D135295A75C300221D1F /* Frameworks */ = {
			isa = PBXFrameworksBuildPhase;
			buildActionMask = 2147483647;
			files = (
			);
			runOnlyForDeploymentPostprocessing = 0;
		};
/* End PBXFrameworksBuildPhase section */

/* Begin PBXGroup section */
		79F5D12F295A75C300221D1F = {
			isa = PBXGroup;
			children = (
				79F5D13A295A75C300221D1F /* Converter3 */,
				79F5D139295A75C300221D1F /* Products */,
			);
			sourceTree = "<group>";
		};
		79F5D139295A75C300221D1F /* Products */ = {
			isa = PBXGroup;
			children = (
				79F5D138295A75C300221D1F /* Converter3.app */,
			);
			name = Products;
			sourceTree = "<group>";
		};
		79F5D13A295A75C300221D1F /* Converter3 */ = {
			isa = PBXGroup;
			children = (
				79F5D14F295A75DF00221D1F /* Model */,
				79F5D156295A75DF00221D1F /* View */,
				79F5D15C295A75DF00221D1F /* Controller */,
				79F5D149295A75C400221D1F /* Info.plist */,
				79F5D153295A75DF00221D1F /* Supported Files */,
			);
			path = Converter3;
			sourceTree = "<group>";
		};
		79F5D14F295A75DF00221D1F /* Model */ = {
			isa = PBXGroup;
			children = (
				79F5D150295A75DF00221D1F /* ConversionModel.swift */,
				79F5D151295A75DF00221D1F /* TypeDegrees.swift */,
				79F5D152295A75DF00221D1F /* DoubleExtension.swift */,
			);
			path = Model;
			sourceTree = "<group>";
		};
		79F5D153295A75DF00221D1F /* Supported Files */ = {
			isa = PBXGroup;
			children = (
				79F5D154295A75DF00221D1F /* AppDelegate.swift */,
				79F5D155295A75DF00221D1F /* SceneDelegate.swift */,
			);
			path = "Supported Files";
			sourceTree = "<group>";
		};
		79F5D156295A75DF00221D1F /* View */ = {
			isa = PBXGroup;
			children = (
				79F5D157295A75DF00221D1F /* Assets.xcassets */,
				79F5D158295A75DF00221D1F /* LaunchScreen.storyboard */,
				79F5D15A295A75DF00221D1F /* Main.storyboard */,
			);
			path = View;
			sourceTree = "<group>";
		};
		79F5D15C295A75DF00221D1F /* Controller */ = {
			isa = PBXGroup;
			children = (
				79F5D15D295A75DF00221D1F /* ViewController.swift */,
			);
			path = Controller;
			sourceTree = "<group>";
		};
/* End PBXGroup section */

/* Begin PBXNativeTarget section */
		79F5D137295A75C300221D1F /* Converter3 */ = {
			isa = PBXNativeTarget;
			buildConfigurationList = 79F5D14C295A75C400221D1F /* Build configuration list for PBXNativeTarget "Converter3" */;
			buildPhases = (
				79F5D134295A75C300221D1F /* Sources */,
				79F5D135295A75C300221D1F /* Frameworks */,
				79F5D136295A75C300221D1F /* Resources */,
			);
			buildRules = (
			);
			dependencies = (
			);
			name = Converter3;
			productName = Converter3;
			productReference = 79F5D138295A75C300221D1F /* Converter3.app */;
			productType = "com.apple.product-type.application";
		};
/* End PBXNativeTarget section */

/* Begin PBXProject section */
		79F5D130295A75C300221D1F /* Project object */ = {
			isa = PBXProject;
			attributes = {
				BuildIndependentTargetsInParallel = 1;
				LastSwiftUpdateCheck = 1410;
				LastUpgradeCheck = 1410;
				TargetAttributes = {
					79F5D137295A75C300221D1F = {
						CreatedOnToolsVersion = 14.1;
					};
				};
			};
			buildConfigurationList = 79F5D133295A75C300221D1F /* Build configuration list for PBXProject "Converter3" */;
			compatibilityVersion = "Xcode 14.0";
			developmentRegion = en;
			hasScannedForEncodings = 0;
			knownRegions = (
				en,
				Base,
			);
			mainGroup = 79F5D12F295A75C300221D1F;
			productRefGroup = 79F5D139295A75C300221D1F /* Products */;
			projectDirPath = "";
			projectRoot = "";
			targets = (
				79F5D137295A75C300221D1F /* Converter3 */,
			);
		};
/* End PBXProject section */

/* Begin PBXResourcesBuildPhase section */
		79F5D136295A75C300221D1F /* Resources */ = {
			isa = PBXResourcesBuildPhase;
			buildActionMask = 2147483647;
			files = (
				79F5D163295A75DF00221D1F /* Assets.xcassets in Resources */,
				79F5D165295A75DF00221D1F /* Main.storyboard in Resources */,
				79F5D164295A75DF00221D1F /* LaunchScreen.storyboard in Resources */,
			);
			runOnlyForDeploymentPostprocessing = 0;
		};
/* End PBXResourcesBuildPhase section */

/* Begin PBXSourcesBuildPhase section */
		79F5D134295A75C300221D1F /* Sources */ = {
			isa = PBXSourcesBuildPhase;
			buildActionMask = 2147483647;
			files = (
				79F5D160295A75DF00221D1F /* DoubleExtension.swift in Sources */,
				79F5D166295A75DF00221D1F /* ViewController.swift in Sources */,
				79F5D161295A75DF00221D1F /* AppDelegate.swift in Sources */,
				79F5D15E295A75DF00221D1F /* ConversionModel.swift in Sources */,
				79F5D15F295A75DF00221D1F /* TypeDegrees.swift in Sources */,
				79F5D162295A75DF00221D1F /* SceneDelegate.swift in Sources */,
			);
			runOnlyForDeploymentPostprocessing = 0;
		};
/* End PBXSourcesBuildPhase section */

/* Begin PBXVariantGroup section */
		79F5D158295A75DF00221D1F /* LaunchScreen.storyboard */ = {
			isa = PBXVariantGroup;
			children = (
				79F5D159295A75DF00221D1F /* Base */,
			);
			name = LaunchScreen.storyboard;
			sourceTree = "<group>";
		};
		79F5D15A295A75DF00221D1F /* Main.storyboard */ = {
			isa = PBXVariantGroup;
			children = (
				79F5D15B295A75DF00221D1F /* Base */,
			);
			name = Main.storyboard;
			sourceTree = "<group>";
		};
/* End PBXVariantGroup section */

/* Begin XCBuildConfiguration section */
		79F5D14A295A75C400221D1F /* Debug */ = {
			isa = XCBuildConfiguration;
			buildSettings = {
				ALWAYS_SEARCH_USER_PATHS = NO;
				CLANG_ANALYZER_NONNULL = YES;
				CLANG_ANALYZER_NUMBER_OBJECT_CONVERSION = YES_AGGRESSIVE;
				CLANG_CXX_LANGUAGE_STANDARD = "gnu++20";
				CLANG_ENABLE_MODULES = YES;
				CLANG_ENABLE_OBJC_ARC = YES;
				CLANG_ENABLE_OBJC_WEAK = YES;
				CLANG_WARN_BLOCK_CAPTURE_AUTORELEASING = YES;
				CLANG_WARN_BOOL_CONVERSION = YES;
				CLANG_WARN_COMMA = YES;
				CLANG_WARN_CONSTANT_CONVERSION = YES;
				CLANG_WARN_DEPRECATED_OBJC_IMPLEMENTATIONS = YES;
				CLANG_WARN_DIRECT_OBJC_ISA_USAGE = YES_ERROR;
				CLANG_WARN_DOCUMENTATION_COMMENTS = YES;
				CLANG_WARN_EMPTY_BODY = YES;
				CLANG_WARN_ENUM_CONVERSION = YES;
				CLANG_WARN_INFINITE_RECURSION = YES;
				CLANG_WARN_INT_CONVERSION = YES;
				CLANG_WARN_NON_LITERAL_NULL_CONVERSION = YES;
				CLANG_WARN_OBJC_IMPLICIT_RETAIN_SELF = YES;
				CLANG_WARN_OBJC_LITERAL_CONVERSION = YES;
				CLANG_WARN_OBJC_ROOT_CLASS = YES_ERROR;
				CLANG_WARN_QUOTED_INCLUDE_IN_FRAMEWORK_HEADER = YES;
				CLANG_WARN_RANGE_LOOP_ANALYSIS = YES;
				CLANG_WARN_STRICT_PROTOTYPES = YES;
				CLANG_WARN_SUSPICIOUS_MOVE = YES;
				CLANG_WARN_UNGUARDED_AVAILABILITY = YES_AGGRESSIVE;
				CLANG_WARN_UNREACHABLE_CODE = YES;
				CLANG_WARN__DUPLICATE_METHOD_MATCH = YES;
				COPY_PHASE_STRIP = NO;
				DEBUG_INFORMATION_FORMAT = dwarf;
				ENABLE_STRICT_OBJC_MSGSEND = YES;
				ENABLE_TESTABILITY = YES;
				GCC_C_LANGUAGE_STANDARD = gnu11;
				GCC_DYNAMIC_NO_PIC = NO;
				GCC_NO_COMMON_BLOCKS = YES;
				GCC_OPTIMIZATION_LEVEL = 0;
				GCC_PREPROCESSOR_DEFINITIONS = (
					"DEBUG=1",
					"$(inherited)",
				);
				GCC_WARN_64_TO_32_BIT_CONVERSION = YES;
				GCC_WARN_ABOUT_RETURN_TYPE = YES_ERROR;
				GCC_WARN_UNDECLARED_SELECTOR = YES;
				GCC_WARN_UNINITIALIZED_AUTOS = YES_AGGRESSIVE;
				GCC_WARN_UNUSED_FUNCTION = YES;
				GCC_WARN_UNUSED_VARIABLE = YES;
				IPHONEOS_DEPLOYMENT_TARGET = 16.1;
				MTL_ENABLE_DEBUG_INFO = INCLUDE_SOURCE;
				MTL_FAST_MATH = YES;
				ONLY_ACTIVE_ARCH = YES;
				SDKROOT = iphoneos;
				SWIFT_ACTIVE_COMPILATION_CONDITIONS = DEBUG;
				SWIFT_OPTIMIZATION_LEVEL = "-Onone";
			};
			name = Debug;
		};
		79F5D14B295A75C400221D1F /* Release */ = {
			isa = XCBuildConfiguration;
			buildSettings = {
				ALWAYS_SEARCH_USER_PATHS = NO;
				CLANG_ANALYZER_NONNULL = YES;
				CLANG_ANALYZER_NUMBER_OBJECT_CONVERSION = YES_AGGRESSIVE;
				CLANG_CXX_LANGUAGE_STANDARD = "gnu++20";
				CLANG_ENABLE_MODULES = YES;
				CLANG_ENABLE_OBJC_ARC = YES;
				CLANG_ENABLE_OBJC_WEAK = YES;
				CLANG_WARN_BLOCK_CAPTURE_AUTORELEASING = YES;
				CLANG_WARN_BOOL_CONVERSION = YES;
				CLANG_WARN_COMMA = YES;
				CLANG_WARN_CONSTANT_CONVERSION = YES;
				CLANG_WARN_DEPRECATED_OBJC_IMPLEMENTATIONS = YES;
				CLANG_WARN_DIRECT_OBJC_ISA_USAGE = YES_ERROR;
				CLANG_WARN_DOCUMENTATION_COMMENTS = YES;
				CLANG_WARN_EMPTY_BODY = YES;
				CLANG_WARN_ENUM_CONVERSION = YES;
				CLANG_WARN_INFINITE_RECURSION = YES;
				CLANG_WARN_INT_CONVERSION = YES;
				CLANG_WARN_NON_LITERAL_NULL_CONVERSION = YES;
				CLANG_WARN_OBJC_IMPLICIT_RETAIN_SELF = YES;
				CLANG_WARN_OBJC_LITERAL_CONVERSION = YES;
				CLANG_WARN_OBJC_ROOT_CLASS = YES_ERROR;
				CLANG_WARN_QUOTED_INCLUDE_IN_FRAMEWORK_HEADER = YES;
				CLANG_WARN_RANGE_LOOP_ANALYSIS = YES;
				CLANG_WARN_STRICT_PROTOTYPES = YES;
				CLANG_WARN_SUSPICIOUS_MOVE = YES;
				CLANG_WARN_UNGUARDED_AVAILABILITY = YES_AGGRESSIVE;
				CLANG_WARN_UNREACHABLE_CODE = YES;
				CLANG_WARN__DUPLICATE_METHOD_MATCH = YES;
				COPY_PHASE_STRIP = NO;
				DEBUG_INFORMATION_FORMAT = "dwarf-with-dsym";
				ENABLE_NS_ASSERTIONS = NO;
				ENABLE_STRICT_OBJC_MSGSEND = YES;
				GCC_C_LANGUAGE_STANDARD = gnu11;
				GCC_NO_COMMON_BLOCKS = YES;
				GCC_WARN_64_TO_32_BIT_CONVERSION = YES;
				GCC_WARN_ABOUT_RETURN_TYPE = YES_ERROR;
				GCC_WARN_UNDECLARED_SELECTOR = YES;
				GCC_WARN_UNINITIALIZED_AUTOS = YES_AGGRESSIVE;
				GCC_WARN_UNUSED_FUNCTION = YES;
				GCC_WARN_UNUSED_VARIABLE = YES;
				IPHONEOS_DEPLOYMENT_TARGET = 16.1;
				MTL_ENABLE_DEBUG_INFO = NO;
				MTL_FAST_MATH = YES;
				SDKROOT = iphoneos;
				SWIFT_COMPILATION_MODE = wholemodule;
				SWIFT_OPTIMIZATION_LEVEL = "-O";
				VALIDATE_PRODUCT = YES;
			};
			name = Release;
		};
		79F5D14D295A75C400221D1F /* Debug */ = {
			isa = XCBuildConfiguration;
			buildSettings = {
				ASSETCATALOG_COMPILER_APPICON_NAME = AppIcon;
				ASSETCATALOG_COMPILER_GLOBAL_ACCENT_COLOR_NAME = AccentColor;
				CODE_SIGN_STYLE = Automatic;
				CURRENT_PROJECT_VERSION = 1;
				DEVELOPMENT_TEAM = 7CPSWJN2YR;
				GENERATE_INFOPLIST_FILE = YES;
				INFOPLIST_FILE = Converter3/Info.plist;
				INFOPLIST_KEY_UIApplicationSupportsIndirectInputEvents = YES;
				INFOPLIST_KEY_UILaunchStoryboardName = LaunchScreen;
				INFOPLIST_KEY_UIMainStoryboardFile = Main;
				INFOPLIST_KEY_UISupportedInterfaceOrientations_iPad = "UIInterfaceOrientationPortrait UIInterfaceOrientationPortraitUpsideDown UIInterfaceOrientationLandscapeLeft UIInterfaceOrientationLandscapeRight";
				INFOPLIST_KEY_UISupportedInterfaceOrientations_iPhone = "UIInterfaceOrientationPortrait UIInterfaceOrientationLandscapeLeft UIInterfaceOrientationLandscapeRight";
				LD_RUNPATH_SEARCH_PATHS = (
					"$(inherited)",
					"@executable_path/Frameworks",
				);
				MARKETING_VERSION = 1.0;
				PRODUCT_BUNDLE_IDENTIFIER = fr.gridaineflore.Converter3;
				PRODUCT_NAME = "$(TARGET_NAME)";
				SWIFT_EMIT_LOC_STRINGS = YES;
				SWIFT_VERSION = 5.0;
				TARGETED_DEVICE_FAMILY = "1,2";
			};
			name = Debug;
		};
		79F5D14E295A75C400221D1F /* Release */ = {
			isa = XCBuildConfiguration;
			buildSettings = {
				ASSETCATALOG_COMPILER_APPICON_NAME = AppIcon;
				ASSETCATALOG_COMPILER_GLOBAL_ACCENT_COLOR_NAME = AccentColor;
				CODE_SIGN_STYLE = Automatic;
				CURRENT_PROJECT_VERSION = 1;
				DEVELOPMENT_TEAM = 7CPSWJN2YR;
				GENERATE_INFOPLIST_FILE = YES;
				INFOPLIST_FILE = Converter3/Info.plist;
				INFOPLIST_KEY_UIApplicationSupportsIndirectInputEvents = YES;
				INFOPLIST_KEY_UILaunchStoryboardName = LaunchScreen;
				INFOPLIST_KEY_UIMainStoryboardFile = Main;
				INFOPLIST_KEY_UISupportedInterfaceOrientations_iPad = "UIInterfaceOrientationPortrait UIInterfaceOrientationPortraitUpsideDown UIInterfaceOrientationLandscapeLeft UIInterfaceOrientationLandscapeRight";
				INFOPLIST_KEY_UISupportedInterfaceOrientations_iPhone = "UIInterfaceOrientationPortrait UIInterfaceOrientationLandscapeLeft UIInterfaceOrientationLandscapeRight";
				LD_RUNPATH_SEARCH_PATHS = (
					"$(inherited)",
					"@executable_path/Frameworks",
				);
				MARKETING_VERSION = 1.0;
				PRODUCT_BUNDLE_IDENTIFIER = fr.gridaineflore.Converter3;
				PRODUCT_NAME = "$(TARGET_NAME)";
				SWIFT_EMIT_LOC_STRINGS = YES;
				SWIFT_VERSION = 5.0;
				TARGETED_DEVICE_FAMILY = "1,2";
			};
			name = Release;
		};
/* End XCBuildConfiguration section */

/* Begin XCConfigurationList section */
		79F5D133295A75C300221D1F /* Build configuration list for PBXProject "Converter3" */ = {
			isa = XCConfigurationList;
			buildConfigurations = (
				79F5D14A295A75C400221D1F /* Debug */,
				79F5D14B295A75C400221D1F /* Release */,
			);
			defaultConfigurationIsVisible = 0;
			defaultConfigurationName = Release;
		};
		79F5D14C295A75C400221D1F /* Build configuration list for PBXNativeTarget "Converter3" */ = {
			isa = XCConfigurationList;
			buildConfigurations = (
				79F5D14D295A75C400221D1F /* Debug */,
				79F5D14E295A75C400221D1F /* Release */,
			);
			defaultConfigurationIsVisible = 0;
			defaultConfigurationName = Release;
		};
/* End XCConfigurationList section */
	};
	rootObject = 79F5D130295A75C300221D1F /* Project object */;
}
